// !$*UTF8*$!
{
	archiveVersion = 1;
	classes = {
	};
	objectVersion = 46;
	objects = {

/* Begin PBXBuildFile section */
		331796F81B703671007ECEF8 /* IndicatorViewController.m in Sources */ = {isa = PBXBuildFile; fileRef = 331796F71B703671007ECEF8 /* IndicatorViewController.m */; };
		33309E6A1B01C6760019C2FA /* MKPolyline+countPoints.m in Sources */ = {isa = PBXBuildFile; fileRef = 33309E691B01C6760019C2FA /* MKPolyline+countPoints.m */; };
		3353663B1AEF2ACA00AD96D4 /* MapForTextController.m in Sources */ = {isa = PBXBuildFile; fileRef = 3353663A1AEF2ACA00AD96D4 /* MapForTextController.m */; };
		3353663E1AEF6F8100AD96D4 /* GCGeocodingService.m in Sources */ = {isa = PBXBuildFile; fileRef = 3353663D1AEF6F8100AD96D4 /* GCGeocodingService.m */; };
		3356793C1BCD15820078C9A4 /* HistoryView.m in Sources */ = {isa = PBXBuildFile; fileRef = 3356793B1BCD15820078C9A4 /* HistoryView.m */; settings = {ASSET_TAGS = (); }; };
		3356793E1BCD18970078C9A4 /* History.plist in Resources */ = {isa = PBXBuildFile; fileRef = 3356793D1BCD18970078C9A4 /* History.plist */; settings = {ASSET_TAGS = (); }; };
		33578B671B9EDC9A00796AB3 /* PixelKit_map_icon.png in Resources */ = {isa = PBXBuildFile; fileRef = 33578B661B9EDC9A00796AB3 /* PixelKit_map_icon.png */; };
		33578B691B9EDDD100796AB3 /* Finance-Purchase-Order-icon.png in Resources */ = {isa = PBXBuildFile; fileRef = 33578B681B9EDDD100796AB3 /* Finance-Purchase-Order-icon.png */; };
		3364D7E91B0AEDAE007C5AC3 /* hillyroad58.png in Resources */ = {isa = PBXBuildFile; fileRef = 3364D7E71B0AEDAE007C5AC3 /* hillyroad58.png */; };
		3364D7EA1B0AEDAE007C5AC3 /* hillyroad80.png in Resources */ = {isa = PBXBuildFile; fileRef = 3364D7E81B0AEDAE007C5AC3 /* hillyroad80.png */; };
		3364D7EC1B0AEDB6007C5AC3 /* hillyroad120.png in Resources */ = {isa = PBXBuildFile; fileRef = 3364D7EB1B0AEDB6007C5AC3 /* hillyroad120.png */; };
		336CD5821B8B541F007F4626 /* purplebutton.png in Resources */ = {isa = PBXBuildFile; fileRef = 336CD5811B8B541F007F4626 /* purplebutton.png */; };
		337D2E4D1B36C3A7005BE58E /* Info-Button1small40.png in Resources */ = {isa = PBXBuildFile; fileRef = 337D2E4C1B36C3A7005BE58E /* Info-Button1small40.png */; };
		337D2E4F1B384489005BE58E /* InfoButton40.png in Resources */ = {isa = PBXBuildFile; fileRef = 337D2E4E1B384489005BE58E /* InfoButton40.png */; };
		338779D51B3584AB00AC000E /* GoogleMaps.bundle in Resources */ = {isa = PBXBuildFile; fileRef = 338779D41B3584AB00AC000E /* GoogleMaps.bundle */; };
		338CB3EE1ACC2C3300FC8D2B /* MapController.m in Sources */ = {isa = PBXBuildFile; fileRef = 338CB3ED1ACC2C3300FC8D2B /* MapController.m */; };
		338CB3F01ACC2EB000FC8D2B /* GoogleMaps.framework in Frameworks */ = {isa = PBXBuildFile; fileRef = 338CB3EF1ACC2EB000FC8D2B /* GoogleMaps.framework */; };
		338CB3F41ACC2EF800FC8D2B /* AVFoundation.framework in Frameworks */ = {isa = PBXBuildFile; fileRef = 338CB3F31ACC2EF800FC8D2B /* AVFoundation.framework */; };
		338CB3F61ACC2F0B00FC8D2B /* CoreData.framework in Frameworks */ = {isa = PBXBuildFile; fileRef = 338CB3F51ACC2F0B00FC8D2B /* CoreData.framework */; };
		338CB3F81ACC2F1500FC8D2B /* CoreText.framework in Frameworks */ = {isa = PBXBuildFile; fileRef = 338CB3F71ACC2F1500FC8D2B /* CoreText.framework */; };
		338CB3FA1ACC2F1E00FC8D2B /* GLKit.framework in Frameworks */ = {isa = PBXBuildFile; fileRef = 338CB3F91ACC2F1E00FC8D2B /* GLKit.framework */; };
		338CB3FC1ACC2F2700FC8D2B /* ImageIO.framework in Frameworks */ = {isa = PBXBuildFile; fileRef = 338CB3FB1ACC2F2700FC8D2B /* ImageIO.framework */; };
		338CB3FE1ACC2F3500FC8D2B /* libc++.dylib in Frameworks */ = {isa = PBXBuildFile; fileRef = 338CB3FD1ACC2F3500FC8D2B /* libc++.dylib */; };
		338CB4001ACC2F4800FC8D2B /* libicucore.dylib in Frameworks */ = {isa = PBXBuildFile; fileRef = 338CB3FF1ACC2F4800FC8D2B /* libicucore.dylib */; };
		338CB4021ACC2F4E00FC8D2B /* libz.dylib in Frameworks */ = {isa = PBXBuildFile; fileRef = 338CB4011ACC2F4E00FC8D2B /* libz.dylib */; };
		338CB4041ACC2F5800FC8D2B /* OpenGLES.framework in Frameworks */ = {isa = PBXBuildFile; fileRef = 338CB4031ACC2F5800FC8D2B /* OpenGLES.framework */; };
		338CB4061ACC2F6100FC8D2B /* QuartzCore.framework in Frameworks */ = {isa = PBXBuildFile; fileRef = 338CB4051ACC2F6100FC8D2B /* QuartzCore.framework */; };
		338CB4081ACC2F6A00FC8D2B /* SystemConfiguration.framework in Frameworks */ = {isa = PBXBuildFile; fileRef = 338CB4071ACC2F6A00FC8D2B /* SystemConfiguration.framework */; };
		338CB40B1ACD0A8900FC8D2B /* bg640x1136_1.png in Resources */ = {isa = PBXBuildFile; fileRef = 338CB4091ACD0A8900FC8D2B /* bg640x1136_1.png */; };
		338CB40C1ACD0A8900FC8D2B /* bg768x1024_1.png in Resources */ = {isa = PBXBuildFile; fileRef = 338CB40A1ACD0A8900FC8D2B /* bg768x1024_1.png */; };
		33B0CAE51B8C50CB002DB9BD /* SettingsView.m in Sources */ = {isa = PBXBuildFile; fileRef = 33B0CAE41B8C50CB002DB9BD /* SettingsView.m */; };
		33B0CAE81B8C51B6002DB9BD /* AboutView.m in Sources */ = {isa = PBXBuildFile; fileRef = 33B0CAE71B8C51B6002DB9BD /* AboutView.m */; };
		33C09FF81AFF32F800223763 /* MKPolyline+GMEncodedString.m in Sources */ = {isa = PBXBuildFile; fileRef = 33C09FF71AFF32F800223763 /* MKPolyline+GMEncodedString.m */; };
		33C375EB1B9C31D9008ED70D /* AboutTab.png in Resources */ = {isa = PBXBuildFile; fileRef = 33C375EA1B9C31D9008ED70D /* AboutTab.png */; };
		33C375ED1B9C31DF008ED70D /* SettingsTab.png in Resources */ = {isa = PBXBuildFile; fileRef = 33C375EC1B9C31DF008ED70D /* SettingsTab.png */; };
		33C375EF1B9C31E5008ED70D /* MainTab.png in Resources */ = {isa = PBXBuildFile; fileRef = 33C375EE1B9C31E5008ED70D /* MainTab.png */; };
		33C5BB9C1B8B07E3004E1827 /* MapWhileLoading.m in Sources */ = {isa = PBXBuildFile; fileRef = 33C5BB9B1B8B07E3004E1827 /* MapWhileLoading.m */; };
		33CCB3F51B11E7B7004AF70C /* city58.png in Resources */ = {isa = PBXBuildFile; fileRef = 33CCB3F31B11E7B7004AF70C /* city58.png */; };
		33CCB3F61B11E7B7004AF70C /* city120.png in Resources */ = {isa = PBXBuildFile; fileRef = 33CCB3F41B11E7B7004AF70C /* city120.png */; };
		33CCB3FA1B11E7F1004AF70C /* city80.png in Resources */ = {isa = PBXBuildFile; fileRef = 33CCB3F91B11E7F1004AF70C /* city80.png */; };
		33DE9BDB1AE4B95900C61AFF /* MDDirectionService.m in Sources */ = {isa = PBXBuildFile; fileRef = 33DE9BDA1AE4B95900C61AFF /* MDDirectionService.m */; };
		7800F5C1186377C8005D4946 /* Foundation.framework in Frameworks */ = {isa = PBXBuildFile; fileRef = 7800F5C0186377C8005D4946 /* Foundation.framework */; };
		7800F5C3186377C8005D4946 /* CoreGraphics.framework in Frameworks */ = {isa = PBXBuildFile; fileRef = 7800F5C2186377C8005D4946 /* CoreGraphics.framework */; };
		7800F5C5186377C8005D4946 /* UIKit.framework in Frameworks */ = {isa = PBXBuildFile; fileRef = 7800F5C4186377C8005D4946 /* UIKit.framework */; };
		7800F5CB186377C8005D4946 /* InfoPlist.strings in Resources */ = {isa = PBXBuildFile; fileRef = 7800F5C9186377C8005D4946 /* InfoPlist.strings */; };
		7800F5CD186377C8005D4946 /* main.m in Sources */ = {isa = PBXBuildFile; fileRef = 7800F5CC186377C8005D4946 /* main.m */; };
		7800F5D1186377C8005D4946 /* AppDelegate.m in Sources */ = {isa = PBXBuildFile; fileRef = 7800F5D0186377C8005D4946 /* AppDelegate.m */; };
		7800F5D4186377C8005D4946 /* Main.storyboard in Resources */ = {isa = PBXBuildFile; fileRef = 7800F5D2186377C8005D4946 /* Main.storyboard */; };
		7800F5D7186377C8005D4946 /* ViewController.m in Sources */ = {isa = PBXBuildFile; fileRef = 7800F5D6186377C8005D4946 /* ViewController.m */; };
		7800F5D9186377C8005D4946 /* Images.xcassets in Resources */ = {isa = PBXBuildFile; fileRef = 7800F5D8186377C8005D4946 /* Images.xcassets */; };
		7800F5E0186377C9005D4946 /* XCTest.framework in Frameworks */ = {isa = PBXBuildFile; fileRef = 7800F5DF186377C8005D4946 /* XCTest.framework */; };
		7800F5E1186377C9005D4946 /* Foundation.framework in Frameworks */ = {isa = PBXBuildFile; fileRef = 7800F5C0186377C8005D4946 /* Foundation.framework */; };
		7800F5E2186377C9005D4946 /* UIKit.framework in Frameworks */ = {isa = PBXBuildFile; fileRef = 7800F5C4186377C8005D4946 /* UIKit.framework */; };
		7800F5EA186377C9005D4946 /* InfoPlist.strings in Resources */ = {isa = PBXBuildFile; fileRef = 7800F5E8186377C9005D4946 /* InfoPlist.strings */; };
		7800F5EC186377C9005D4946 /* LocationTests.m in Sources */ = {isa = PBXBuildFile; fileRef = 7800F5EB186377C9005D4946 /* LocationTests.m */; };
		7800F5F618637F25005D4946 /* CoreLocation.framework in Frameworks */ = {isa = PBXBuildFile; fileRef = 7800F5F518637F25005D4946 /* CoreLocation.framework */; };
/* End PBXBuildFile section */

/* Begin PBXContainerItemProxy section */
		7800F5E3186377C9005D4946 /* PBXContainerItemProxy */ = {
			isa = PBXContainerItemProxy;
			containerPortal = 7800F5B5186377C8005D4946 /* Project object */;
			proxyType = 1;
			remoteGlobalIDString = 7800F5BC186377C8005D4946;
			remoteInfo = Location;
		};
/* End PBXContainerItemProxy section */

/* Begin PBXFileReference section */
		331796F61B703671007ECEF8 /* IndicatorViewController.h */ = {isa = PBXFileReference; fileEncoding = 4; lastKnownFileType = sourcecode.c.h; path = IndicatorViewController.h; sourceTree = "<group>"; };
		331796F71B703671007ECEF8 /* IndicatorViewController.m */ = {isa = PBXFileReference; fileEncoding = 4; lastKnownFileType = sourcecode.c.objc; path = IndicatorViewController.m; sourceTree = "<group>"; };
		33309E681B01C6760019C2FA /* MKPolyline+countPoints.h */ = {isa = PBXFileReference; fileEncoding = 4; lastKnownFileType = sourcecode.c.h; path = "MKPolyline+countPoints.h"; sourceTree = "<group>"; };
		33309E691B01C6760019C2FA /* MKPolyline+countPoints.m */ = {isa = PBXFileReference; fileEncoding = 4; lastKnownFileType = sourcecode.c.objc; path = "MKPolyline+countPoints.m"; sourceTree = "<group>"; };
		335366391AEF2ACA00AD96D4 /* MapForTextController.h */ = {isa = PBXFileReference; fileEncoding = 4; lastKnownFileType = sourcecode.c.h; path = MapForTextController.h; sourceTree = "<group>"; };
		3353663A1AEF2ACA00AD96D4 /* MapForTextController.m */ = {isa = PBXFileReference; fileEncoding = 4; lastKnownFileType = sourcecode.c.objc; path = MapForTextController.m; sourceTree = "<group>"; };
		3353663C1AEF6F7300AD96D4 /* GCGeocodingService.h */ = {isa = PBXFileReference; lastKnownFileType = sourcecode.c.h; path = GCGeocodingService.h; sourceTree = "<group>"; };
		3353663D1AEF6F8100AD96D4 /* GCGeocodingService.m */ = {isa = PBXFileReference; fileEncoding = 4; lastKnownFileType = sourcecode.c.objc; path = GCGeocodingService.m; sourceTree = "<group>"; };
		3356793A1BCD15820078C9A4 /* HistoryView.h */ = {isa = PBXFileReference; fileEncoding = 4; lastKnownFileType = sourcecode.c.h; path = HistoryView.h; sourceTree = "<group>"; };
		3356793B1BCD15820078C9A4 /* HistoryView.m */ = {isa = PBXFileReference; fileEncoding = 4; lastKnownFileType = sourcecode.c.objc; path = HistoryView.m; sourceTree = "<group>"; };
		3356793D1BCD18970078C9A4 /* History.plist */ = {isa = PBXFileReference; lastKnownFileType = text.plist; path = History.plist; sourceTree = "<group>"; };
		33578B661B9EDC9A00796AB3 /* PixelKit_map_icon.png */ = {isa = PBXFileReference; lastKnownFileType = image.png; path = PixelKit_map_icon.png; sourceTree = "<group>"; };
		33578B681B9EDDD100796AB3 /* Finance-Purchase-Order-icon.png */ = {isa = PBXFileReference; lastKnownFileType = image.png; path = "Finance-Purchase-Order-icon.png"; sourceTree = "<group>"; };
		3364D7E71B0AEDAE007C5AC3 /* hillyroad58.png */ = {isa = PBXFileReference; lastKnownFileType = image.png; path = hillyroad58.png; sourceTree = "<group>"; };
		3364D7E81B0AEDAE007C5AC3 /* hillyroad80.png */ = {isa = PBXFileReference; lastKnownFileType = image.png; path = hillyroad80.png; sourceTree = "<group>"; };
		3364D7EB1B0AEDB6007C5AC3 /* hillyroad120.png */ = {isa = PBXFileReference; lastKnownFileType = image.png; path = hillyroad120.png; sourceTree = "<group>"; };
		336CD5811B8B541F007F4626 /* purplebutton.png */ = {isa = PBXFileReference; lastKnownFileType = image.png; path = purplebutton.png; sourceTree = "<group>"; };
		337D2E4C1B36C3A7005BE58E /* Info-Button1small40.png */ = {isa = PBXFileReference; lastKnownFileType = image.png; path = "Info-Button1small40.png"; sourceTree = "<group>"; };
		337D2E4E1B384489005BE58E /* InfoButton40.png */ = {isa = PBXFileReference; lastKnownFileType = image.png; path = InfoButton40.png; sourceTree = "<group>"; };
		338779D41B3584AB00AC000E /* GoogleMaps.bundle */ = {isa = PBXFileReference; lastKnownFileType = "wrapper.plug-in"; name = GoogleMaps.bundle; path = GoogleMaps.framework/Versions/A/Resources/GoogleMaps.bundle; sourceTree = "<group>"; };
		338CB3EC1ACC2C3300FC8D2B /* MapController.h */ = {isa = PBXFileReference; fileEncoding = 4; lastKnownFileType = sourcecode.c.h; path = MapController.h; sourceTree = "<group>"; };
		338CB3ED1ACC2C3300FC8D2B /* MapController.m */ = {isa = PBXFileReference; fileEncoding = 4; lastKnownFileType = sourcecode.c.objc; path = MapController.m; sourceTree = "<group>"; };
		338CB3EF1ACC2EB000FC8D2B /* GoogleMaps.framework */ = {isa = PBXFileReference; lastKnownFileType = wrapper.framework; path = GoogleMaps.framework; sourceTree = "<group>"; };
		338CB3F31ACC2EF800FC8D2B /* AVFoundation.framework */ = {isa = PBXFileReference; lastKnownFileType = wrapper.framework; name = AVFoundation.framework; path = System/Library/Frameworks/AVFoundation.framework; sourceTree = SDKROOT; };
		338CB3F51ACC2F0B00FC8D2B /* CoreData.framework */ = {isa = PBXFileReference; lastKnownFileType = wrapper.framework; name = CoreData.framework; path = System/Library/Frameworks/CoreData.framework; sourceTree = SDKROOT; };
		338CB3F71ACC2F1500FC8D2B /* CoreText.framework */ = {isa = PBXFileReference; lastKnownFileType = wrapper.framework; name = CoreText.framework; path = System/Library/Frameworks/CoreText.framework; sourceTree = SDKROOT; };
		338CB3F91ACC2F1E00FC8D2B /* GLKit.framework */ = {isa = PBXFileReference; lastKnownFileType = wrapper.framework; name = GLKit.framework; path = System/Library/Frameworks/GLKit.framework; sourceTree = SDKROOT; };
		338CB3FB1ACC2F2700FC8D2B /* ImageIO.framework */ = {isa = PBXFileReference; lastKnownFileType = wrapper.framework; name = ImageIO.framework; path = System/Library/Frameworks/ImageIO.framework; sourceTree = SDKROOT; };
		338CB3FD1ACC2F3500FC8D2B /* libc++.dylib */ = {isa = PBXFileReference; lastKnownFileType = "compiled.mach-o.dylib"; name = "libc++.dylib"; path = "usr/lib/libc++.dylib"; sourceTree = SDKROOT; };
		338CB3FF1ACC2F4800FC8D2B /* libicucore.dylib */ = {isa = PBXFileReference; lastKnownFileType = "compiled.mach-o.dylib"; name = libicucore.dylib; path = usr/lib/libicucore.dylib; sourceTree = SDKROOT; };
		338CB4011ACC2F4E00FC8D2B /* libz.dylib */ = {isa = PBXFileReference; lastKnownFileType = "compiled.mach-o.dylib"; name = libz.dylib; path = usr/lib/libz.dylib; sourceTree = SDKROOT; };
		338CB4031ACC2F5800FC8D2B /* OpenGLES.framework */ = {isa = PBXFileReference; lastKnownFileType = wrapper.framework; name = OpenGLES.framework; path = System/Library/Frameworks/OpenGLES.framework; sourceTree = SDKROOT; };
		338CB4051ACC2F6100FC8D2B /* QuartzCore.framework */ = {isa = PBXFileReference; lastKnownFileType = wrapper.framework; name = QuartzCore.framework; path = System/Library/Frameworks/QuartzCore.framework; sourceTree = SDKROOT; };
		338CB4071ACC2F6A00FC8D2B /* SystemConfiguration.framework */ = {isa = PBXFileReference; lastKnownFileType = wrapper.framework; name = SystemConfiguration.framework; path = System/Library/Frameworks/SystemConfiguration.framework; sourceTree = SDKROOT; };
		338CB4091ACD0A8900FC8D2B /* bg640x1136_1.png */ = {isa = PBXFileReference; lastKnownFileType = image.png; name = bg640x1136_1.png; path = ../bg640x1136_1.png; sourceTree = "<group>"; };
		338CB40A1ACD0A8900FC8D2B /* bg768x1024_1.png */ = {isa = PBXFileReference; lastKnownFileType = image.png; name = bg768x1024_1.png; path = ../bg768x1024_1.png; sourceTree = "<group>"; };
		33B0CAE31B8C50CB002DB9BD /* SettingsView.h */ = {isa = PBXFileReference; fileEncoding = 4; lastKnownFileType = sourcecode.c.h; path = SettingsView.h; sourceTree = "<group>"; };
		33B0CAE41B8C50CB002DB9BD /* SettingsView.m */ = {isa = PBXFileReference; fileEncoding = 4; lastKnownFileType = sourcecode.c.objc; path = SettingsView.m; sourceTree = "<group>"; };
		33B0CAE61B8C51B6002DB9BD /* AboutView.h */ = {isa = PBXFileReference; fileEncoding = 4; lastKnownFileType = sourcecode.c.h; path = AboutView.h; sourceTree = "<group>"; };
		33B0CAE71B8C51B6002DB9BD /* AboutView.m */ = {isa = PBXFileReference; fileEncoding = 4; lastKnownFileType = sourcecode.c.objc; path = AboutView.m; sourceTree = "<group>"; };
		33C09FF61AFF32F800223763 /* MKPolyline+GMEncodedString.h */ = {isa = PBXFileReference; fileEncoding = 4; lastKnownFileType = sourcecode.c.h; path = "MKPolyline+GMEncodedString.h"; sourceTree = "<group>"; };
		33C09FF71AFF32F800223763 /* MKPolyline+GMEncodedString.m */ = {isa = PBXFileReference; fileEncoding = 4; lastKnownFileType = sourcecode.c.objc; path = "MKPolyline+GMEncodedString.m"; sourceTree = "<group>"; };
		33C375EA1B9C31D9008ED70D /* AboutTab.png */ = {isa = PBXFileReference; lastKnownFileType = image.png; path = AboutTab.png; sourceTree = "<group>"; };
		33C375EC1B9C31DF008ED70D /* SettingsTab.png */ = {isa = PBXFileReference; lastKnownFileType = image.png; path = SettingsTab.png; sourceTree = "<group>"; };
		33C375EE1B9C31E5008ED70D /* MainTab.png */ = {isa = PBXFileReference; lastKnownFileType = image.png; path = MainTab.png; sourceTree = "<group>"; };
		33C5BB9A1B8B07E3004E1827 /* MapWhileLoading.h */ = {isa = PBXFileReference; fileEncoding = 4; lastKnownFileType = sourcecode.c.h; path = MapWhileLoading.h; sourceTree = "<group>"; };
		33C5BB9B1B8B07E3004E1827 /* MapWhileLoading.m */ = {isa = PBXFileReference; fileEncoding = 4; lastKnownFileType = sourcecode.c.objc; path = MapWhileLoading.m; sourceTree = "<group>"; };
		33CCB3F31B11E7B7004AF70C /* city58.png */ = {isa = PBXFileReference; lastKnownFileType = image.png; path = city58.png; sourceTree = "<group>"; };
		33CCB3F41B11E7B7004AF70C /* city120.png */ = {isa = PBXFileReference; lastKnownFileType = image.png; path = city120.png; sourceTree = "<group>"; };
		33CCB3F91B11E7F1004AF70C /* city80.png */ = {isa = PBXFileReference; lastKnownFileType = image.png; path = city80.png; sourceTree = "<group>"; };
		33DE9BD91AE4B94E00C61AFF /* MDDirectionService.h */ = {isa = PBXFileReference; lastKnownFileType = sourcecode.c.h; path = MDDirectionService.h; sourceTree = "<group>"; };
		33DE9BDA1AE4B95900C61AFF /* MDDirectionService.m */ = {isa = PBXFileReference; fileEncoding = 4; lastKnownFileType = sourcecode.c.objc; path = MDDirectionService.m; sourceTree = "<group>"; };
		7800F5BD186377C8005D4946 /* Haze Route.app */ = {isa = PBXFileReference; explicitFileType = wrapper.application; includeInIndex = 0; path = "Haze Route.app"; sourceTree = BUILT_PRODUCTS_DIR; };
		7800F5C0186377C8005D4946 /* Foundation.framework */ = {isa = PBXFileReference; lastKnownFileType = wrapper.framework; name = Foundation.framework; path = System/Library/Frameworks/Foundation.framework; sourceTree = SDKROOT; };
		7800F5C2186377C8005D4946 /* CoreGraphics.framework */ = {isa = PBXFileReference; lastKnownFileType = wrapper.framework; name = CoreGraphics.framework; path = System/Library/Frameworks/CoreGraphics.framework; sourceTree = SDKROOT; };
		7800F5C4186377C8005D4946 /* UIKit.framework */ = {isa = PBXFileReference; lastKnownFileType = wrapper.framework; name = UIKit.framework; path = System/Library/Frameworks/UIKit.framework; sourceTree = SDKROOT; };
		7800F5C8186377C8005D4946 /* Haze Route-Info.plist */ = {isa = PBXFileReference; lastKnownFileType = text.plist.xml; path = "Haze Route-Info.plist"; sourceTree = "<group>"; };
		7800F5CA186377C8005D4946 /* en */ = {isa = PBXFileReference; lastKnownFileType = text.plist.strings; name = en; path = en.lproj/InfoPlist.strings; sourceTree = "<group>"; };
		7800F5CC186377C8005D4946 /* main.m */ = {isa = PBXFileReference; lastKnownFileType = sourcecode.c.objc; path = main.m; sourceTree = "<group>"; };
		7800F5CE186377C8005D4946 /* Haze Route-Prefix.pch */ = {isa = PBXFileReference; lastKnownFileType = sourcecode.c.h; path = "Haze Route-Prefix.pch"; sourceTree = "<group>"; };
		7800F5CF186377C8005D4946 /* AppDelegate.h */ = {isa = PBXFileReference; lastKnownFileType = sourcecode.c.h; path = AppDelegate.h; sourceTree = "<group>"; };
		7800F5D0186377C8005D4946 /* AppDelegate.m */ = {isa = PBXFileReference; lastKnownFileType = sourcecode.c.objc; path = AppDelegate.m; sourceTree = "<group>"; };
		7800F5D3186377C8005D4946 /* Base */ = {isa = PBXFileReference; lastKnownFileType = file.storyboard; name = Base; path = Base.lproj/Main.storyboard; sourceTree = "<group>"; };
		7800F5D5186377C8005D4946 /* ViewController.h */ = {isa = PBXFileReference; lastKnownFileType = sourcecode.c.h; path = ViewController.h; sourceTree = "<group>"; };
		7800F5D6186377C8005D4946 /* ViewController.m */ = {isa = PBXFileReference; lastKnownFileType = sourcecode.c.objc; path = ViewController.m; sourceTree = "<group>"; };
		7800F5D8186377C8005D4946 /* Images.xcassets */ = {isa = PBXFileReference; lastKnownFileType = folder.assetcatalog; path = Images.xcassets; sourceTree = "<group>"; };
		7800F5DE186377C8005D4946 /* Haze RouteTests.xctest */ = {isa = PBXFileReference; explicitFileType = wrapper.cfbundle; includeInIndex = 0; path = "Haze RouteTests.xctest"; sourceTree = BUILT_PRODUCTS_DIR; };
		7800F5DF186377C8005D4946 /* XCTest.framework */ = {isa = PBXFileReference; lastKnownFileType = wrapper.framework; name = XCTest.framework; path = Library/Frameworks/XCTest.framework; sourceTree = DEVELOPER_DIR; };
		7800F5E7186377C9005D4946 /* Haze RouteTests-Info.plist */ = {isa = PBXFileReference; lastKnownFileType = text.plist.xml; path = "Haze RouteTests-Info.plist"; sourceTree = "<group>"; };
		7800F5E9186377C9005D4946 /* en */ = {isa = PBXFileReference; lastKnownFileType = text.plist.strings; name = en; path = en.lproj/InfoPlist.strings; sourceTree = "<group>"; };
		7800F5EB186377C9005D4946 /* LocationTests.m */ = {isa = PBXFileReference; lastKnownFileType = sourcecode.c.objc; path = LocationTests.m; sourceTree = "<group>"; };
		7800F5F518637F25005D4946 /* CoreLocation.framework */ = {isa = PBXFileReference; lastKnownFileType = wrapper.framework; name = CoreLocation.framework; path = System/Library/Frameworks/CoreLocation.framework; sourceTree = SDKROOT; };
/* End PBXFileReference section */

/* Begin PBXFrameworksBuildPhase section */
		7800F5BA186377C8005D4946 /* Frameworks */ = {
			isa = PBXFrameworksBuildPhase;
			buildActionMask = 2147483647;
			files = (
				338CB4081ACC2F6A00FC8D2B /* SystemConfiguration.framework in Frameworks */,
				338CB4061ACC2F6100FC8D2B /* QuartzCore.framework in Frameworks */,
				338CB4041ACC2F5800FC8D2B /* OpenGLES.framework in Frameworks */,
				338CB4021ACC2F4E00FC8D2B /* libz.dylib in Frameworks */,
				338CB4001ACC2F4800FC8D2B /* libicucore.dylib in Frameworks */,
				338CB3FE1ACC2F3500FC8D2B /* libc++.dylib in Frameworks */,
				338CB3FC1ACC2F2700FC8D2B /* ImageIO.framework in Frameworks */,
				338CB3FA1ACC2F1E00FC8D2B /* GLKit.framework in Frameworks */,
				338CB3F81ACC2F1500FC8D2B /* CoreText.framework in Frameworks */,
				338CB3F61ACC2F0B00FC8D2B /* CoreData.framework in Frameworks */,
				338CB3F41ACC2EF800FC8D2B /* AVFoundation.framework in Frameworks */,
				7800F5F618637F25005D4946 /* CoreLocation.framework in Frameworks */,
				7800F5C3186377C8005D4946 /* CoreGraphics.framework in Frameworks */,
				7800F5C5186377C8005D4946 /* UIKit.framework in Frameworks */,
				338CB3F01ACC2EB000FC8D2B /* GoogleMaps.framework in Frameworks */,
				7800F5C1186377C8005D4946 /* Foundation.framework in Frameworks */,
			);
			runOnlyForDeploymentPostprocessing = 0;
		};
		7800F5DB186377C8005D4946 /* Frameworks */ = {
			isa = PBXFrameworksBuildPhase;
			buildActionMask = 2147483647;
			files = (
				7800F5E0186377C9005D4946 /* XCTest.framework in Frameworks */,
				7800F5E2186377C9005D4946 /* UIKit.framework in Frameworks */,
				7800F5E1186377C9005D4946 /* Foundation.framework in Frameworks */,
			);
			runOnlyForDeploymentPostprocessing = 0;
		};
/* End PBXFrameworksBuildPhase section */

/* Begin PBXGroup section */
		7800F5B4186377C8005D4946 = {
			isa = PBXGroup;
			children = (
				7800F5C6186377C8005D4946 /* Location */,
				7800F5E5186377C9005D4946 /* LocationTests */,
				7800F5BF186377C8005D4946 /* Frameworks */,
				7800F5BE186377C8005D4946 /* Products */,
			);
			sourceTree = "<group>";
		};
		7800F5BE186377C8005D4946 /* Products */ = {
			isa = PBXGroup;
			children = (
				7800F5BD186377C8005D4946 /* Haze Route.app */,
				7800F5DE186377C8005D4946 /* Haze RouteTests.xctest */,
			);
			name = Products;
			sourceTree = "<group>";
		};
		7800F5BF186377C8005D4946 /* Frameworks */ = {
			isa = PBXGroup;
			children = (
				338CB4071ACC2F6A00FC8D2B /* SystemConfiguration.framework */,
				338CB4051ACC2F6100FC8D2B /* QuartzCore.framework */,
				338CB4031ACC2F5800FC8D2B /* OpenGLES.framework */,
				338CB4011ACC2F4E00FC8D2B /* libz.dylib */,
				338CB3FF1ACC2F4800FC8D2B /* libicucore.dylib */,
				338CB3FD1ACC2F3500FC8D2B /* libc++.dylib */,
				338CB3FB1ACC2F2700FC8D2B /* ImageIO.framework */,
				338CB3F91ACC2F1E00FC8D2B /* GLKit.framework */,
				338CB3F71ACC2F1500FC8D2B /* CoreText.framework */,
				338CB3F51ACC2F0B00FC8D2B /* CoreData.framework */,
				338CB3F31ACC2EF800FC8D2B /* AVFoundation.framework */,
				338CB3EF1ACC2EB000FC8D2B /* GoogleMaps.framework */,
				338779D41B3584AB00AC000E /* GoogleMaps.bundle */,
				7800F5F518637F25005D4946 /* CoreLocation.framework */,
				7800F5C0186377C8005D4946 /* Foundation.framework */,
				7800F5C2186377C8005D4946 /* CoreGraphics.framework */,
				7800F5C4186377C8005D4946 /* UIKit.framework */,
				7800F5DF186377C8005D4946 /* XCTest.framework */,
			);
			name = Frameworks;
			sourceTree = "<group>";
		};
		7800F5C6186377C8005D4946 /* Location */ = {
			isa = PBXGroup;
			children = (
				335366391AEF2ACA00AD96D4 /* MapForTextController.h */,
				3353663A1AEF2ACA00AD96D4 /* MapForTextController.m */,
				33C5BB9A1B8B07E3004E1827 /* MapWhileLoading.h */,
				33C5BB9B1B8B07E3004E1827 /* MapWhileLoading.m */,
				338CB3EC1ACC2C3300FC8D2B /* MapController.h */,
				338CB3ED1ACC2C3300FC8D2B /* MapController.m */,
				7800F5CF186377C8005D4946 /* AppDelegate.h */,
				7800F5D0186377C8005D4946 /* AppDelegate.m */,
				7800F5D2186377C8005D4946 /* Main.storyboard */,
				7800F5D5186377C8005D4946 /* ViewController.h */,
				7800F5D6186377C8005D4946 /* ViewController.m */,
				33DE9BD91AE4B94E00C61AFF /* MDDirectionService.h */,
				33DE9BDA1AE4B95900C61AFF /* MDDirectionService.m */,
				3353663C1AEF6F7300AD96D4 /* GCGeocodingService.h */,
				3353663D1AEF6F8100AD96D4 /* GCGeocodingService.m */,
				33B0CAE31B8C50CB002DB9BD /* SettingsView.h */,
				33B0CAE41B8C50CB002DB9BD /* SettingsView.m */,
				33B0CAE61B8C51B6002DB9BD /* AboutView.h */,
				33B0CAE71B8C51B6002DB9BD /* AboutView.m */,
				7800F5D8186377C8005D4946 /* Images.xcassets */,
				336CD5811B8B541F007F4626 /* purplebutton.png */,
				7800F5C7186377C8005D4946 /* Supporting Files */,
				33C09FF61AFF32F800223763 /* MKPolyline+GMEncodedString.h */,
				33C09FF71AFF32F800223763 /* MKPolyline+GMEncodedString.m */,
				33309E681B01C6760019C2FA /* MKPolyline+countPoints.h */,
				33309E691B01C6760019C2FA /* MKPolyline+countPoints.m */,
				331796F61B703671007ECEF8 /* IndicatorViewController.h */,
				331796F71B703671007ECEF8 /* IndicatorViewController.m */,
				3356793A1BCD15820078C9A4 /* HistoryView.h */,
				3356793B1BCD15820078C9A4 /* HistoryView.m */,
				3356793D1BCD18970078C9A4 /* History.plist */,
			);
			path = Location;
			sourceTree = "<group>";
		};
		7800F5C7186377C8005D4946 /* Supporting Files */ = {
			isa = PBXGroup;
			children = (
				33578B681B9EDDD100796AB3 /* Finance-Purchase-Order-icon.png */,
				33578B661B9EDC9A00796AB3 /* PixelKit_map_icon.png */,
				33C375EE1B9C31E5008ED70D /* MainTab.png */,
				33C375EC1B9C31DF008ED70D /* SettingsTab.png */,
				33C375EA1B9C31D9008ED70D /* AboutTab.png */,
				337D2E4E1B384489005BE58E /* InfoButton40.png */,
				337D2E4C1B36C3A7005BE58E /* Info-Button1small40.png */,
				33CCB3F31B11E7B7004AF70C /* city58.png */,
				33CCB3F91B11E7F1004AF70C /* city80.png */,
				33CCB3F41B11E7B7004AF70C /* city120.png */,
				3364D7E71B0AEDAE007C5AC3 /* hillyroad58.png */,
				3364D7E81B0AEDAE007C5AC3 /* hillyroad80.png */,
				3364D7EB1B0AEDB6007C5AC3 /* hillyroad120.png */,
				338CB40A1ACD0A8900FC8D2B /* bg768x1024_1.png */,
				338CB4091ACD0A8900FC8D2B /* bg640x1136_1.png */,
				7800F5C8186377C8005D4946 /* Haze Route-Info.plist */,
				7800F5C9186377C8005D4946 /* InfoPlist.strings */,
				7800F5CC186377C8005D4946 /* main.m */,
				7800F5CE186377C8005D4946 /* Haze Route-Prefix.pch */,
			);
			name = "Supporting Files";
			sourceTree = "<group>";
		};
		7800F5E5186377C9005D4946 /* LocationTests */ = {
			isa = PBXGroup;
			children = (
				7800F5EB186377C9005D4946 /* LocationTests.m */,
				7800F5E6186377C9005D4946 /* Supporting Files */,
			);
			path = LocationTests;
			sourceTree = "<group>";
		};
		7800F5E6186377C9005D4946 /* Supporting Files */ = {
			isa = PBXGroup;
			children = (
				7800F5E7186377C9005D4946 /* Haze RouteTests-Info.plist */,
				7800F5E8186377C9005D4946 /* InfoPlist.strings */,
			);
			name = "Supporting Files";
			sourceTree = "<group>";
		};
/* End PBXGroup section */

/* Begin PBXNativeTarget section */
		7800F5BC186377C8005D4946 /* Haze Route */ = {
			isa = PBXNativeTarget;
			buildConfigurationList = 7800F5EF186377C9005D4946 /* Build configuration list for PBXNativeTarget "Haze Route" */;
			buildPhases = (
				7800F5B9186377C8005D4946 /* Sources */,
				7800F5BA186377C8005D4946 /* Frameworks */,
				7800F5BB186377C8005D4946 /* Resources */,
			);
			buildRules = (
			);
			dependencies = (
			);
			name = "Haze Route";
			productName = Location;
			productReference = 7800F5BD186377C8005D4946 /* Haze Route.app */;
			productType = "com.apple.product-type.application";
		};
		7800F5DD186377C8005D4946 /* Haze RouteTests */ = {
			isa = PBXNativeTarget;
			buildConfigurationList = 7800F5F2186377C9005D4946 /* Build configuration list for PBXNativeTarget "Haze RouteTests" */;
			buildPhases = (
				7800F5DA186377C8005D4946 /* Sources */,
				7800F5DB186377C8005D4946 /* Frameworks */,
				7800F5DC186377C8005D4946 /* Resources */,
			);
			buildRules = (
			);
			dependencies = (
				7800F5E4186377C9005D4946 /* PBXTargetDependency */,
			);
			name = "Haze RouteTests";
			productName = LocationTests;
			productReference = 7800F5DE186377C8005D4946 /* Haze RouteTests.xctest */;
			productType = "com.apple.product-type.bundle.unit-test";
		};
/* End PBXNativeTarget section */

/* Begin PBXProject section */
		7800F5B5186377C8005D4946 /* Project object */ = {
			isa = PBXProject;
			attributes = {
				LastUpgradeCheck = 0630;
				ORGANIZATIONNAME = "PJ Vea";
				TargetAttributes = {
					7800F5BC186377C8005D4946 = {
						DevelopmentTeam = E6Q8MXMN8S;
					};
					7800F5DD186377C8005D4946 = {
						TestTargetID = 7800F5BC186377C8005D4946;
					};
				};
			};
			buildConfigurationList = 7800F5B8186377C8005D4946 /* Build configuration list for PBXProject "Haze Route" */;
			compatibilityVersion = "Xcode 3.2";
			developmentRegion = English;
			hasScannedForEncodings = 0;
			knownRegions = (
				en,
				Base,
			);
			mainGroup = 7800F5B4186377C8005D4946;
			productRefGroup = 7800F5BE186377C8005D4946 /* Products */;
			projectDirPath = "";
			projectRoot = "";
			targets = (
				7800F5BC186377C8005D4946 /* Haze Route */,
				7800F5DD186377C8005D4946 /* Haze RouteTests */,
			);
		};
/* End PBXProject section */

/* Begin PBXResourcesBuildPhase section */
		7800F5BB186377C8005D4946 /* Resources */ = {
			isa = PBXResourcesBuildPhase;
			buildActionMask = 2147483647;
			files = (
				7800F5D9186377C8005D4946 /* Images.xcassets in Resources */,
				33C375EB1B9C31D9008ED70D /* AboutTab.png in Resources */,
				336CD5821B8B541F007F4626 /* purplebutton.png in Resources */,
				3364D7E91B0AEDAE007C5AC3 /* hillyroad58.png in Resources */,
				33CCB3FA1B11E7F1004AF70C /* city80.png in Resources */,
				3364D7EA1B0AEDAE007C5AC3 /* hillyroad80.png in Resources */,
				33C375ED1B9C31DF008ED70D /* SettingsTab.png in Resources */,
				33CCB3F61B11E7B7004AF70C /* city120.png in Resources */,
				7800F5CB186377C8005D4946 /* InfoPlist.strings in Resources */,
				3356793E1BCD18970078C9A4 /* History.plist in Resources */,
				338779D51B3584AB00AC000E /* GoogleMaps.bundle in Resources */,
				33C375EF1B9C31E5008ED70D /* MainTab.png in Resources */,
				33578B671B9EDC9A00796AB3 /* PixelKit_map_icon.png in Resources */,
				337D2E4D1B36C3A7005BE58E /* Info-Button1small40.png in Resources */,
				338CB40C1ACD0A8900FC8D2B /* bg768x1024_1.png in Resources */,
				338CB40B1ACD0A8900FC8D2B /* bg640x1136_1.png in Resources */,
				3364D7EC1B0AEDB6007C5AC3 /* hillyroad120.png in Resources */,
				337D2E4F1B384489005BE58E /* InfoButton40.png in Resources */,
				33578B691B9EDDD100796AB3 /* Finance-Purchase-Order-icon.png in Resources */,
				33CCB3F51B11E7B7004AF70C /* city58.png in Resources */,
				7800F5D4186377C8005D4946 /* Main.storyboard in Resources */,
			);
			runOnlyForDeploymentPostprocessing = 0;
		};
		7800F5DC186377C8005D4946 /* Resources */ = {
			isa = PBXResourcesBuildPhase;
			buildActionMask = 2147483647;
			files = (
				7800F5EA186377C9005D4946 /* InfoPlist.strings in Resources */,
			);
			runOnlyForDeploymentPostprocessing = 0;
		};
/* End PBXResourcesBuildPhase section */

/* Begin PBXSourcesBuildPhase section */
		7800F5B9186377C8005D4946 /* Sources */ = {
			isa = PBXSourcesBuildPhase;
			buildActionMask = 2147483647;
			files = (
				33B0CAE81B8C51B6002DB9BD /* AboutView.m in Sources */,
				331796F81B703671007ECEF8 /* IndicatorViewController.m in Sources */,
				33DE9BDB1AE4B95900C61AFF /* MDDirectionService.m in Sources */,
				3353663E1AEF6F8100AD96D4 /* GCGeocodingService.m in Sources */,
				3353663B1AEF2ACA00AD96D4 /* MapForTextController.m in Sources */,
				33C09FF81AFF32F800223763 /* MKPolyline+GMEncodedString.m in Sources */,
				33B0CAE51B8C50CB002DB9BD /* SettingsView.m in Sources */,
				3356793C1BCD15820078C9A4 /* HistoryView.m in Sources */,
				33309E6A1B01C6760019C2FA /* MKPolyline+countPoints.m in Sources */,
				338CB3EE1ACC2C3300FC8D2B /* MapController.m in Sources */,
				7800F5D7186377C8005D4946 /* ViewController.m in Sources */,
				7800F5D1186377C8005D4946 /* AppDelegate.m in Sources */,
				33C5BB9C1B8B07E3004E1827 /* MapWhileLoading.m in Sources */,
				7800F5CD186377C8005D4946 /* main.m in Sources */,
			);
			runOnlyForDeploymentPostprocessing = 0;
		};
		7800F5DA186377C8005D4946 /* Sources */ = {
			isa = PBXSourcesBuildPhase;
			buildActionMask = 2147483647;
			files = (
				7800F5EC186377C9005D4946 /* LocationTests.m in Sources */,
			);
			runOnlyForDeploymentPostprocessing = 0;
		};
/* End PBXSourcesBuildPhase section */

/* Begin PBXTargetDependency section */
		7800F5E4186377C9005D4946 /* PBXTargetDependency */ = {
			isa = PBXTargetDependency;
			target = 7800F5BC186377C8005D4946 /* Haze Route */;
			targetProxy = 7800F5E3186377C9005D4946 /* PBXContainerItemProxy */;
		};
/* End PBXTargetDependency section */

/* Begin PBXVariantGroup section */
		7800F5C9186377C8005D4946 /* InfoPlist.strings */ = {
			isa = PBXVariantGroup;
			children = (
				7800F5CA186377C8005D4946 /* en */,
			);
			name = InfoPlist.strings;
			sourceTree = "<group>";
		};
		7800F5D2186377C8005D4946 /* Main.storyboard */ = {
			isa = PBXVariantGroup;
			children = (
				7800F5D3186377C8005D4946 /* Base */,
			);
			name = Main.storyboard;
			sourceTree = "<group>";
		};
		7800F5E8186377C9005D4946 /* InfoPlist.strings */ = {
			isa = PBXVariantGroup;
			children = (
				7800F5E9186377C9005D4946 /* en */,
			);
			name = InfoPlist.strings;
			sourceTree = "<group>";
		};
/* End PBXVariantGroup section */

/* Begin XCBuildConfiguration section */
		7800F5ED186377C9005D4946 /* Debug */ = {
			isa = XCBuildConfiguration;
			buildSettings = {
				ALWAYS_SEARCH_USER_PATHS = NO;
				CLANG_CXX_LANGUAGE_STANDARD = "gnu++0x";
				CLANG_CXX_LIBRARY = "libc++";
				CLANG_ENABLE_MODULES = YES;
				CLANG_ENABLE_OBJC_ARC = YES;
				CLANG_WARN_BOOL_CONVERSION = YES;
				CLANG_WARN_CONSTANT_CONVERSION = YES;
				CLANG_WARN_DIRECT_OBJC_ISA_USAGE = YES_ERROR;
				CLANG_WARN_EMPTY_BODY = YES;
				CLANG_WARN_ENUM_CONVERSION = YES;
				CLANG_WARN_INT_CONVERSION = YES;
				CLANG_WARN_OBJC_ROOT_CLASS = YES_ERROR;
				CLANG_WARN__DUPLICATE_METHOD_MATCH = YES;
				"CODE_SIGN_IDENTITY[sdk=iphoneos*]" = "iPhone Developer";
				COPY_PHASE_STRIP = NO;
				GCC_C_LANGUAGE_STANDARD = gnu99;
				GCC_DYNAMIC_NO_PIC = NO;
				GCC_OPTIMIZATION_LEVEL = 0;
				GCC_PREPROCESSOR_DEFINITIONS = (
					"DEBUG=1",
					"$(inherited)",
				);
				GCC_SYMBOLS_PRIVATE_EXTERN = NO;
				GCC_WARN_64_TO_32_BIT_CONVERSION = YES;
				GCC_WARN_ABOUT_RETURN_TYPE = YES_ERROR;
				GCC_WARN_UNDECLARED_SELECTOR = YES;
				GCC_WARN_UNINITIALIZED_AUTOS = YES;
				GCC_WARN_UNUSED_FUNCTION = YES;
				GCC_WARN_UNUSED_VARIABLE = YES;
				IPHONEOS_DEPLOYMENT_TARGET = 7.0;
				ONLY_ACTIVE_ARCH = YES;
				SDKROOT = iphoneos;
			};
			name = Debug;
		};
		7800F5EE186377C9005D4946 /* Release */ = {
			isa = XCBuildConfiguration;
			buildSettings = {
				ALWAYS_SEARCH_USER_PATHS = NO;
				CLANG_CXX_LANGUAGE_STANDARD = "gnu++0x";
				CLANG_CXX_LIBRARY = "libc++";
				CLANG_ENABLE_MODULES = YES;
				CLANG_ENABLE_OBJC_ARC = YES;
				CLANG_WARN_BOOL_CONVERSION = YES;
				CLANG_WARN_CONSTANT_CONVERSION = YES;
				CLANG_WARN_DIRECT_OBJC_ISA_USAGE = YES_ERROR;
				CLANG_WARN_EMPTY_BODY = YES;
				CLANG_WARN_ENUM_CONVERSION = YES;
				CLANG_WARN_INT_CONVERSION = YES;
				CLANG_WARN_OBJC_ROOT_CLASS = YES_ERROR;
				CLANG_WARN__DUPLICATE_METHOD_MATCH = YES;
				"CODE_SIGN_IDENTITY[sdk=iphoneos*]" = "iPhone Developer";
				COPY_PHASE_STRIP = YES;
				ENABLE_NS_ASSERTIONS = NO;
				GCC_C_LANGUAGE_STANDARD = gnu99;
				GCC_WARN_64_TO_32_BIT_CONVERSION = YES;
				GCC_WARN_ABOUT_RETURN_TYPE = YES_ERROR;
				GCC_WARN_UNDECLARED_SELECTOR = YES;
				GCC_WARN_UNINITIALIZED_AUTOS = YES;
				GCC_WARN_UNUSED_FUNCTION = YES;
				GCC_WARN_UNUSED_VARIABLE = YES;
				IPHONEOS_DEPLOYMENT_TARGET = 7.0;
				SDKROOT = iphoneos;
				VALIDATE_PRODUCT = YES;
			};
			name = Release;
		};
		7800F5F0186377C9005D4946 /* Debug */ = {
			isa = XCBuildConfiguration;
			buildSettings = {
				ASSETCATALOG_COMPILER_APPICON_NAME = AppIcon;
				ASSETCATALOG_COMPILER_LAUNCHIMAGE_NAME = LaunchImage;
				CODE_SIGN_IDENTITY = "iPhone Developer";
				"CODE_SIGN_IDENTITY[sdk=iphoneos*]" = "iPhone Developer";
				ENABLE_BITCODE = NO;
				FRAMEWORK_SEARCH_PATHS = (
					"$(inherited)",
					"$(PROJECT_DIR)",
				);
				GCC_PRECOMPILE_PREFIX_HEADER = YES;
				GCC_PREFIX_HEADER = "Location/Haze Route-Prefix.pch";
				INFOPLIST_FILE = "Location/Haze Route-Info.plist";
				OTHER_LDFLAGS = "-ObjC";
				PRODUCT_NAME = "Haze Route";
				PROVISIONING_PROFILE = "";
				WRAPPER_EXTENSION = app;
			};
			name = Debug;
		};
		7800F5F1186377C9005D4946 /* Release */ = {
			isa = XCBuildConfiguration;
			buildSettings = {
				ASSETCATALOG_COMPILER_APPICON_NAME = AppIcon;
				ASSETCATALOG_COMPILER_LAUNCHIMAGE_NAME = LaunchImage;
				CODE_SIGN_IDENTITY = "iPhone Developer";
				"CODE_SIGN_IDENTITY[sdk=iphoneos*]" = "iPhone Developer";
				ENABLE_BITCODE = NO;
				FRAMEWORK_SEARCH_PATHS = (
					"$(inherited)",
					"$(PROJECT_DIR)",
				);
				GCC_PRECOMPILE_PREFIX_HEADER = YES;
				GCC_PREFIX_HEADER = "Location/Haze Route-Prefix.pch";
				INFOPLIST_FILE = "Location/Haze Route-Info.plist";
				OTHER_LDFLAGS = "-ObjC";
				PRODUCT_NAME = "Haze Route";
				PROVISIONING_PROFILE = "";
				WRAPPER_EXTENSION = app;
			};
			name = Release;
		};
		7800F5F3186377C9005D4946 /* Debug */ = {
			isa = XCBuildConfiguration;
			buildSettings = {
				FRAMEWORK_SEARCH_PATHS = (
					"$(SDKROOT)/Developer/Library/Frameworks",
					"$(inherited)",
					"$(DEVELOPER_FRAMEWORKS_DIR)",
				);
				GCC_PRECOMPILE_PREFIX_HEADER = YES;
				GCC_PREFIX_HEADER = "Location/Haze Route-Prefix.pch";
				GCC_PREPROCESSOR_DEFINITIONS = (
					"DEBUG=1",
					"$(inherited)",
				);
				INFOPLIST_FILE = "LocationTests/Haze RouteTests-Info.plist";
				PRODUCT_NAME = "Haze RouteTests";
				TEST_HOST = "$(BUILT_PRODUCTS_DIR)/Haze Route.app/Haze Route";
				WRAPPER_EXTENSION = xctest;
			};
			name = Debug;
		};
		7800F5F4186377C9005D4946 /* Release */ = {
			isa = XCBuildConfiguration;
			buildSettings = {
				FRAMEWORK_SEARCH_PATHS = (
					"$(SDKROOT)/Developer/Library/Frameworks",
					"$(inherited)",
					"$(DEVELOPER_FRAMEWORKS_DIR)",
				);
				GCC_PRECOMPILE_PREFIX_HEADER = YES;
				GCC_PREFIX_HEADER = "Location/Haze Route-Prefix.pch";
				INFOPLIST_FILE = "LocationTests/Haze RouteTests-Info.plist";
				PRODUCT_NAME = "Haze RouteTests";
				TEST_HOST = "$(BUILT_PRODUCTS_DIR)/Haze Route.app/Haze Route";
				WRAPPER_EXTENSION = xctest;
			};
			name = Release;
		};
/* End XCBuildConfiguration section */

/* Begin XCConfigurationList section */
		7800F5B8186377C8005D4946 /* Build configuration list for PBXProject "Haze Route" */ = {
			isa = XCConfigurationList;
			buildConfigurations = (
				7800F5ED186377C9005D4946 /* Debug */,
				7800F5EE186377C9005D4946 /* Release */,
			);
			defaultConfigurationIsVisible = 0;
			defaultConfigurationName = Release;
		};
		7800F5EF186377C9005D4946 /* Build configuration list for PBXNativeTarget "Haze Route" */ = {
			isa = XCConfigurationList;
			buildConfigurations = (
				7800F5F0186377C9005D4946 /* Debug */,
				7800F5F1186377C9005D4946 /* Release */,
			);
			defaultConfigurationIsVisible = 0;
			defaultConfigurationName = Release;
		};
		7800F5F2186377C9005D4946 /* Build configuration list for PBXNativeTarget "Haze RouteTests" */ = {
			isa = XCConfigurationList;
			buildConfigurations = (
				7800F5F3186377C9005D4946 /* Debug */,
				7800F5F4186377C9005D4946 /* Release */,
			);
			defaultConfigurationIsVisible = 0;
			defaultConfigurationName = Release;
		};
/* End XCConfigurationList section */
	};
	rootObject = 7800F5B5186377C8005D4946 /* Project object */;
}
